<?xml version="1.0" encoding="utf-8"?>
<Project ToolsVersion="4.0" xmlns="http://schemas.microsoft.com/developer/msbuild/2003">
  <ItemGroup>
    <Filter Include="Source Files">
      <UniqueIdentifier>{ce5b2306-48b1-4393-9a6f-6d11fac83444}</UniqueIdentifier>
      <Extensions>cpp;c;cxx;rc;def;r;odl;idl;hpj;bat</Extensions>
    </Filter>
    <Filter Include="Header Files">
      <UniqueIdentifier>{d20db390-3d5a-4624-b972-73b5e153c9e9}</UniqueIdentifier>
      <Extensions>h;hpp;hxx;hm;inl</Extensions>
    </Filter>
    <Filter Include="Resource Files">
      <UniqueIdentifier>{1370d3b3-7242-431b-bb71-56dbcc67c3c0}</UniqueIdentifier>
      <Extensions>ico;cur;bmp;dlg;rc2;rct;bin;rgs;gif;jpg;jpeg;jpe</Extensions>
    </Filter>
  </ItemGroup>
  <ItemGroup>
    <ClCompile Include="FORMDEF.CPP">
      <Filter>Source Files</Filter>
    </ClCompile>
    <ClCompile Include="LIGA.CPP">
      <Filter>Source Files</Filter>
    </ClCompile>
    <ClCompile Include="LIGAEDIT.CPP">
      <Filter>Source Files</Filter>
    </ClCompile>
    <ClCompile Include="MAINFRM.CPP">
      <Filter>Source Files</Filter>
    </ClCompile>
    <ClCompile Include="MENUS.CPP">
      <Filter>Source Files</Filter>
    </ClCompile>
    <ClCompile Include="NEWNAME.CPP">
      <Filter>Source Files</Filter>
    </ClCompile>
    <ClCompile Include="PAIR.CPP">
      <Filter>Source Files</Filter>
    </ClCompile>
    <ClCompile Include="PLAYER.CPP">
      <Filter>Source Files</Filter>
    </ClCompile>
    <ClCompile Include="PLAYERA.CPP">
      <Filter>Source Files</Filter>
    </ClCompile>
    <ClCompile Include="ROW.CPP">
      <Filter>Source Files</Filter>
    </ClCompile>
    <ClCompile Include="SAISONST.CPP">
      <Filter>Source Files</Filter>
    </ClCompile>
    <ClCompile Include="STDAFX.CPP">
      <Filter>Source Files</Filter>
    </ClCompile>
    <ClCompile Include="TEAM.CPP">
      <Filter>Source Files</Filter>
    </ClCompile>
    <ClCompile Include="TEAMA.CPP">
      <Filter>Source Files</Filter>
    </ClCompile>
    <ClCompile Include="TOOLS.CPP">
      <Filter>Source Files</Filter>
    </ClCompile>
    <ClCompile Include="UNITED.CPP">
      <Filter>Source Files</Filter>
    </ClCompile>
    <ClCompile Include="UNITEDGM.CPP">
      <Filter>Source Files</Filter>
    </ClCompile>
    <ClCompile Include="UNITEDVW.CPP">
      <Filter>Source Files</Filter>
    </ClCompile>
  </ItemGroup>
  <ItemGroup>
    <ClInclude Include="DEFINE.H">
      <Filter>Header Files</Filter>
    </ClInclude>
    <ClInclude Include="FORMDEF.H">
      <Filter>Header Files</Filter>
    </ClInclude>
    <ClInclude Include="LIGA.H">
      <Filter>Header Files</Filter>
    </ClInclude>
    <ClInclude Include="LIGAEDIT.H">
      <Filter>Header Files</Filter>
    </ClInclude>
    <ClInclude Include="MAINFRM.H">
      <Filter>Header Files</Filter>
    </ClInclude>
    <ClInclude Include="NEWNAME.H">
      <Filter>Header Files</Filter>
    </ClInclude>
    <ClInclude Include="PAIR.H">
      <Filter>Header Files</Filter>
    </ClInclude>
    <ClInclude Include="PLAYER.H">
      <Filter>Header Files</Filter>
    </ClInclude>
    <ClInclude Include="PLAYERA.H">
      <Filter>Header Files</Filter>
    </ClInclude>
    <ClInclude Include="RESOURCE.H">
      <Filter>Header Files</Filter>
    </ClInclude>
    <ClInclude Include="ROW.H">
      <Filter>Header Files</Filter>
    </ClInclude>
    <ClInclude Include="SAISONST.H">
      <Filter>Header Files</Filter>
    </ClInclude>
    <ClInclude Include="STDAFX.H">
      <Filter>Header Files</Filter>
    </ClInclude>
    <ClInclude Include="TEAM.H">
      <Filter>Header Files</Filter>
    </ClInclude>
    <ClInclude Include="TEAMA.H">
      <Filter>Header Files</Filter>
    </ClInclude>
    <ClInclude Include="TOOLS.H">
      <Filter>Header Files</Filter>
    </ClInclude>
    <ClInclude Include="UNITED.H">
      <Filter>Header Files</Filter>
    </ClInclude>
    <ClInclude Include="UNITEDGM.H">
      <Filter>Header Files</Filter>
    </ClInclude>
    <ClInclude Include="UNITEDVW.H">
      <Filter>Header Files</Filter>
    </ClInclude>
  </ItemGroup>
</Project>